<Solution>
  <Project Path="ClinicManagementSystem.API/ClinicManagementSystem.API.csproj" />
  <Project Path="ClinicManagementSystem.Application/ClinicManagementSystem.Application.csproj" />
  <Project Path="ClinicManagementSystem.Domain/ClinicManagementSystem.Domain.csproj" />
  <Project Path="ClinicManagementSystem.Infrastructure/ClinicManagementSystem.Infrastructure.csproj" />
</Solution>
